
Microsoft Visual Studio Solution File, Format Version 12.00
# Visual Studio Version 16
VisualStudioVersion = 16.0.29025.244
MinimumVisualStudioVersion = 10.0.40219.1
Project("{FAE04EC0-301F-11D3-BF4B-00C04F79EFBC}") = "api", "api\api.csproj", "{07985BAB-AA8B-4476-8294-38D6B9B04389}"
EndProject
Project("{FAE04EC0-301F-11D3-BF4B-00C04F79EFBC}") = "test", "test\test.csproj", "{7D355797-81F2-40E9-B0E4-F5C9874246A5}"
EndProject
Global
	GlobalSection(SolutionConfigurationPlatforms) = preSolution
		Debug|Any CPU = Debug|Any CPU
		Release|Any CPU = Release|Any CPU
	EndGlobalSection
	GlobalSection(ProjectConfigurationPlatforms) = postSolution
		{07985BAB-AA8B-4476-8294-38D6B9B04389}.Debug|Any CPU.ActiveCfg = Debug|Any CPU
		{07985BAB-AA8B-4476-8294-38D6B9B04389}.Debug|Any CPU.Build.0 = Debug|Any CPU
		{07985BAB-AA8B-4476-8294-38D6B9B04389}.Release|Any CPU.ActiveCfg = Release|Any CPU
		{07985BAB-AA8B-4476-8294-38D6B9B04389}.Release|Any CPU.Build.0 = Release|Any CPU
		{7D355797-81F2-40E9-B0E4-F5C9874246A5}.Debug|Any CPU.ActiveCfg = Debug|Any CPU
		{7D355797-81F2-40E9-B0E4-F5C9874246A5}.Debug|Any CPU.Build.0 = Debug|Any CPU
		{7D355797-81F2-40E9-B0E4-F5C9874246A5}.Release|Any CPU.ActiveCfg = Release|Any CPU
		{7D355797-81F2-40E9-B0E4-F5C9874246A5}.Release|Any CPU.Build.0 = Release|Any CPU
	EndGlobalSection
	GlobalSection(SolutionProperties) = preSolution
		HideSolutionNode = FALSE
	EndGlobalSection
	GlobalSection(ExtensibilityGlobals) = postSolution
		SolutionGuid = {EB482DF9-6F63-4081-BF4F-73E9DBF10DDB}
	EndGlobalSection
EndGlobal
